
Microsoft Visual Studio Solution File, Format Version 12.00
# Visual Studio Version 17
VisualStudioVersion = 17.4.33213.308
MinimumVisualStudioVersion = 10.0.40219.1
Project("{FAE04EC0-301F-11D3-BF4B-00C04F79EFBC}") = "NombresRomains_I1", "NombresRomains_I1\NombresRomains_I1.csproj", "{B429FD79-8059-4D64-B64C-05FB1F54BAAA}"
EndProject
Project("{FAE04EC0-301F-11D3-BF4B-00C04F79EFBC}") = "NombresRomains.Test", "NombresRomains.Test\NombresRomains.Test.csproj", "{9DE5873E-F705-49F9-9FAE-19479EA035D1}"
EndProject
Global
	GlobalSection(SolutionConfigurationPlatforms) = preSolution
		Debug|Any CPU = Debug|Any CPU
		Release|Any CPU = Release|Any CPU
	EndGlobalSection
	GlobalSection(ProjectConfigurationPlatforms) = postSolution
		{B429FD79-8059-4D64-B64C-05FB1F54BAAA}.Debug|Any CPU.ActiveCfg = Debug|Any CPU
		{B429FD79-8059-4D64-B64C-05FB1F54BAAA}.Debug|Any CPU.Build.0 = Debug|Any CPU
		{B429FD79-8059-4D64-B64C-05FB1F54BAAA}.Release|Any CPU.ActiveCfg = Release|Any CPU
		{B429FD79-8059-4D64-B64C-05FB1F54BAAA}.Release|Any CPU.Build.0 = Release|Any CPU
		{9DE5873E-F705-49F9-9FAE-19479EA035D1}.Debug|Any CPU.ActiveCfg = Debug|Any CPU
		{9DE5873E-F705-49F9-9FAE-19479EA035D1}.Debug|Any CPU.Build.0 = Debug|Any CPU
		{9DE5873E-F705-49F9-9FAE-19479EA035D1}.Release|Any CPU.ActiveCfg = Release|Any CPU
		{9DE5873E-F705-49F9-9FAE-19479EA035D1}.Release|Any CPU.Build.0 = Release|Any CPU
	EndGlobalSection
	GlobalSection(SolutionProperties) = preSolution
		HideSolutionNode = FALSE
	EndGlobalSection
	GlobalSection(ExtensibilityGlobals) = postSolution
		SolutionGuid = {6A2932CB-D412-4D39-B5B1-4298E307E070}
	EndGlobalSection
EndGlobal
